
Microsoft Visual Studio Solution File, Format Version 12.00
Project("{FAE04EC0-301F-11D3-BF4B-00C04F79EFBC}") = "BlazorDatasheet", "BlazorDatasheet\BlazorDatasheet.csproj", "{E4E7B0BD-68EC-45E1-9915-DAA712F8DD6B}"
EndProject
Project("{2150E333-8FDC-42A3-9474-1A3956D46DE8}") = "Test", "Test", "{88903F7E-79AF-45FD-A777-4E0A101AB65C}"
EndProject
Project("{FAE04EC0-301F-11D3-BF4B-00C04F79EFBC}") = "BlazorDatasheet.Test", "..\test\BlazorDatasheet.Test\BlazorDatasheet.Test.csproj", "{8D866B46-349C-4B1C-B5A6-146DAECCA089}"
EndProject
Project("{FAE04EC0-301F-11D3-BF4B-00C04F79EFBC}") = "BlazorDatasheet.DataStructures", "BlazorDatasheet.DataStructures\BlazorDatasheet.DataStructures.csproj", "{F76F8DB8-B91D-41F6-ACFF-7DE346B51D2B}"
EndProject
Project("{FAE04EC0-301F-11D3-BF4B-00C04F79EFBC}") = "BlazorDatasheet.Formula.Core", "BlazorDatasheet.Formula.Core\BlazorDatasheet.Formula.Core.csproj", "{448AC009-5A98-4897-B2A4-84018839C7F5}"
EndProject
Project("{FAE04EC0-301F-11D3-BF4B-00C04F79EFBC}") = "BlazorDatasheet.Core", "BlazorDatasheet.Core\BlazorDatasheet.Core.csproj", "{45A993EC-9D00-4106-9CF2-AEF5536A0920}"
EndProject
Project("{FAE04EC0-301F-11D3-BF4B-00C04F79EFBC}") = "BlazorDatasheet.Formula.Functions", "BlazorDatasheet.Formula.Functions\BlazorDatasheet.Formula.Functions.csproj", "{75314586-24CB-4A30-8166-41544ADECEB8}"
EndProject
Project("{2150E333-8FDC-42A3-9474-1A3956D46DE8}") = "Examples", "Examples", "{D4CCB344-2274-4E01-BD76-9AA86511EC10}"
EndProject
Project("{2150E333-8FDC-42A3-9474-1A3956D46DE8}") = "BenchmarkTesting", "BenchmarkTesting", "{A5807FF1-4832-4A3D-B044-06C290498E18}"
EndProject
Project("{FAE04EC0-301F-11D3-BF4B-00C04F79EFBC}") = "BenchmarkTesting", "BenchmarkTesting\BenchmarkTesting\BenchmarkTesting.csproj", "{F7C2A9F6-0597-49E2-B1AD-547EEB6C739F}"
EndProject
Project("{FAE04EC0-301F-11D3-BF4B-00C04F79EFBC}") = "BlazorDatasheet.ExampleGen", "BlazorDatasheet.ExampleGen\BlazorDatasheet.ExampleGen\BlazorDatasheet.ExampleGen.csproj", "{7E984893-D8DB-45A5-83A6-AD8C1E24EA66}"
EndProject
Project("{FAE04EC0-301F-11D3-BF4B-00C04F79EFBC}") = "BlazorDatasheet.SharedPages", "BlazorDatasheet.SharedPages\BlazorDatasheet.SharedPages.csproj", "{BA82A760-B53F-47A9-98E8-40AE114CAB18}"
EndProject
Project("{FAE04EC0-301F-11D3-BF4B-00C04F79EFBC}") = "BlazorDatasheet.Wasm", "BlazorDatasheet.Wasm\BlazorDatasheet.Wasm.csproj", "{1581D334-6CF6-4414-9709-BB351B53FB5B}"
EndProject
Project("{FAE04EC0-301F-11D3-BF4B-00C04F79EFBC}") = "BlazorDatasheet.Server", "BlazorDatasheet.Server\BlazorDatasheet.Server.csproj", "{6D529946-9F4C-4B80-9D23-F2B6F6B1D55B}"
EndProject
Global
	GlobalSection(SolutionConfigurationPlatforms) = preSolution
		Debug|Any CPU = Debug|Any CPU
		Release|Any CPU = Release|Any CPU
	EndGlobalSection
	GlobalSection(ProjectConfigurationPlatforms) = postSolution
		{E4E7B0BD-68EC-45E1-9915-DAA712F8DD6B}.Debug|Any CPU.ActiveCfg = Debug|Any CPU
		{E4E7B0BD-68EC-45E1-9915-DAA712F8DD6B}.Debug|Any CPU.Build.0 = Debug|Any CPU
		{E4E7B0BD-68EC-45E1-9915-DAA712F8DD6B}.Release|Any CPU.ActiveCfg = Release|Any CPU
		{E4E7B0BD-68EC-45E1-9915-DAA712F8DD6B}.Release|Any CPU.Build.0 = Release|Any CPU
		{8D866B46-349C-4B1C-B5A6-146DAECCA089}.Debug|Any CPU.ActiveCfg = Debug|Any CPU
		{8D866B46-349C-4B1C-B5A6-146DAECCA089}.Debug|Any CPU.Build.0 = Debug|Any CPU
		{8D866B46-349C-4B1C-B5A6-146DAECCA089}.Release|Any CPU.ActiveCfg = Release|Any CPU
		{8D866B46-349C-4B1C-B5A6-146DAECCA089}.Release|Any CPU.Build.0 = Release|Any CPU
		{F76F8DB8-B91D-41F6-ACFF-7DE346B51D2B}.Debug|Any CPU.ActiveCfg = Debug|Any CPU
		{F76F8DB8-B91D-41F6-ACFF-7DE346B51D2B}.Debug|Any CPU.Build.0 = Debug|Any CPU
		{F76F8DB8-B91D-41F6-ACFF-7DE346B51D2B}.Release|Any CPU.ActiveCfg = Release|Any CPU
		{F76F8DB8-B91D-41F6-ACFF-7DE346B51D2B}.Release|Any CPU.Build.0 = Release|Any CPU
		{448AC009-5A98-4897-B2A4-84018839C7F5}.Debug|Any CPU.ActiveCfg = Debug|Any CPU
		{448AC009-5A98-4897-B2A4-84018839C7F5}.Debug|Any CPU.Build.0 = Debug|Any CPU
		{448AC009-5A98-4897-B2A4-84018839C7F5}.Release|Any CPU.ActiveCfg = Release|Any CPU
		{448AC009-5A98-4897-B2A4-84018839C7F5}.Release|Any CPU.Build.0 = Release|Any CPU
		{45A993EC-9D00-4106-9CF2-AEF5536A0920}.Debug|Any CPU.ActiveCfg = Debug|Any CPU
		{45A993EC-9D00-4106-9CF2-AEF5536A0920}.Debug|Any CPU.Build.0 = Debug|Any CPU
		{45A993EC-9D00-4106-9CF2-AEF5536A0920}.Release|Any CPU.ActiveCfg = Release|Any CPU
		{45A993EC-9D00-4106-9CF2-AEF5536A0920}.Release|Any CPU.Build.0 = Release|Any CPU
		{75314586-24CB-4A30-8166-41544ADECEB8}.Debug|Any CPU.ActiveCfg = Debug|Any CPU
		{75314586-24CB-4A30-8166-41544ADECEB8}.Debug|Any CPU.Build.0 = Debug|Any CPU
		{75314586-24CB-4A30-8166-41544ADECEB8}.Release|Any CPU.ActiveCfg = Release|Any CPU
		{75314586-24CB-4A30-8166-41544ADECEB8}.Release|Any CPU.Build.0 = Release|Any CPU
		{F7C2A9F6-0597-49E2-B1AD-547EEB6C739F}.Debug|Any CPU.ActiveCfg = Debug|Any CPU
		{F7C2A9F6-0597-49E2-B1AD-547EEB6C739F}.Debug|Any CPU.Build.0 = Debug|Any CPU
		{F7C2A9F6-0597-49E2-B1AD-547EEB6C739F}.Release|Any CPU.ActiveCfg = Release|Any CPU
		{F7C2A9F6-0597-49E2-B1AD-547EEB6C739F}.Release|Any CPU.Build.0 = Release|Any CPU
		{7E984893-D8DB-45A5-83A6-AD8C1E24EA66}.Debug|Any CPU.ActiveCfg = Debug|Any CPU
		{7E984893-D8DB-45A5-83A6-AD8C1E24EA66}.Debug|Any CPU.Build.0 = Debug|Any CPU
		{7E984893-D8DB-45A5-83A6-AD8C1E24EA66}.Release|Any CPU.ActiveCfg = Release|Any CPU
		{7E984893-D8DB-45A5-83A6-AD8C1E24EA66}.Release|Any CPU.Build.0 = Release|Any CPU
		{BA82A760-B53F-47A9-98E8-40AE114CAB18}.Debug|Any CPU.ActiveCfg = Debug|Any CPU
		{BA82A760-B53F-47A9-98E8-40AE114CAB18}.Debug|Any CPU.Build.0 = Debug|Any CPU
		{BA82A760-B53F-47A9-98E8-40AE114CAB18}.Release|Any CPU.ActiveCfg = Release|Any CPU
		{BA82A760-B53F-47A9-98E8-40AE114CAB18}.Release|Any CPU.Build.0 = Release|Any CPU
		{1581D334-6CF6-4414-9709-BB351B53FB5B}.Debug|Any CPU.ActiveCfg = Debug|Any CPU
		{1581D334-6CF6-4414-9709-BB351B53FB5B}.Debug|Any CPU.Build.0 = Debug|Any CPU
		{1581D334-6CF6-4414-9709-BB351B53FB5B}.Release|Any CPU.ActiveCfg = Release|Any CPU
		{1581D334-6CF6-4414-9709-BB351B53FB5B}.Release|Any CPU.Build.0 = Release|Any CPU
		{6D529946-9F4C-4B80-9D23-F2B6F6B1D55B}.Debug|Any CPU.ActiveCfg = Debug|Any CPU
		{6D529946-9F4C-4B80-9D23-F2B6F6B1D55B}.Debug|Any CPU.Build.0 = Debug|Any CPU
		{6D529946-9F4C-4B80-9D23-F2B6F6B1D55B}.Release|Any CPU.ActiveCfg = Release|Any CPU
		{6D529946-9F4C-4B80-9D23-F2B6F6B1D55B}.Release|Any CPU.Build.0 = Release|Any CPU
	EndGlobalSection
	GlobalSection(NestedProjects) = preSolution
		{8D866B46-349C-4B1C-B5A6-146DAECCA089} = {88903F7E-79AF-45FD-A777-4E0A101AB65C}
		{F7C2A9F6-0597-49E2-B1AD-547EEB6C739F} = {A5807FF1-4832-4A3D-B044-06C290498E18}
		{7E984893-D8DB-45A5-83A6-AD8C1E24EA66} = {D4CCB344-2274-4E01-BD76-9AA86511EC10}
		{BA82A760-B53F-47A9-98E8-40AE114CAB18} = {D4CCB344-2274-4E01-BD76-9AA86511EC10}
		{1581D334-6CF6-4414-9709-BB351B53FB5B} = {D4CCB344-2274-4E01-BD76-9AA86511EC10}
		{6D529946-9F4C-4B80-9D23-F2B6F6B1D55B} = {D4CCB344-2274-4E01-BD76-9AA86511EC10}
	EndGlobalSection
EndGlobal
