
Microsoft Visual Studio Solution File, Format Version 12.00
Project("{FAE04EC0-301F-11D3-BF4B-00C04F79EFBC}") = "BlazorDatasheet.Wasm", "BlazorDatasheet.Wasm\BlazorDatasheet.Wasm.csproj", "{FF701B97-CCDD-4E64-A462-D1F2303DD9B3}"
EndProject
Project("{FAE04EC0-301F-11D3-BF4B-00C04F79EFBC}") = "BlazorDatasheet", "BlazorDatasheet\BlazorDatasheet.csproj", "{E4E7B0BD-68EC-45E1-9915-DAA712F8DD6B}"
EndProject
Project("{FAE04EC0-301F-11D3-BF4B-00C04F79EFBC}") = "BlazorDatasheet.Server", "BlazorDatasheet.Server\BlazorDatasheet.Server.csproj", "{F523ABB3-2FD5-45F1-9A4B-1A1065A31C2B}"
EndProject
Project("{2150E333-8FDC-42A3-9474-1A3956D46DE8}") = "Test", "Test", "{88903F7E-79AF-45FD-A777-4E0A101AB65C}"
EndProject
Project("{FAE04EC0-301F-11D3-BF4B-00C04F79EFBC}") = "BlazorDatasheet.Test", "..\test\BlazorDatasheet.Test\BlazorDatasheet.Test.csproj", "{8D866B46-349C-4B1C-B5A6-146DAECCA089}"
EndProject
Project("{FAE04EC0-301F-11D3-BF4B-00C04F79EFBC}") = "BlazorDatasheet.SharedPages", "BlazorDatasheet.SharedPages\BlazorDatasheet.SharedPages.csproj", "{6E79372A-F6EB-4D7B-A9B5-08F7CD905887}"
EndProject
Project("{FAE04EC0-301F-11D3-BF4B-00C04F79EFBC}") = "BlazorDatasheet.DataStructures", "BlazorDatasheet.DataStructures\BlazorDatasheet.DataStructures.csproj", "{F76F8DB8-B91D-41F6-ACFF-7DE346B51D2B}"
EndProject
Project("{FAE04EC0-301F-11D3-BF4B-00C04F79EFBC}") = "BlazorDatasheet.Formula.Core", "BlazorDatasheet.Formula.Core\BlazorDatasheet.Formula.Core.csproj", "{448AC009-5A98-4897-B2A4-84018839C7F5}"
EndProject
Project("{FAE04EC0-301F-11D3-BF4B-00C04F79EFBC}") = "BlazorDatasheet.Core", "BlazorDatasheet.Core\BlazorDatasheet.Core.csproj", "{45A993EC-9D00-4106-9CF2-AEF5536A0920}"
EndProject
Project("{FAE04EC0-301F-11D3-BF4B-00C04F79EFBC}") = "BlazorDatasheet.Formula.Functions", "BlazorDatasheet.Formula.Functions\BlazorDatasheet.Formula.Functions.csproj", "{75314586-24CB-4A30-8166-41544ADECEB8}"
EndProject
Global
	GlobalSection(SolutionConfigurationPlatforms) = preSolution
		Debug|Any CPU = Debug|Any CPU
		Release|Any CPU = Release|Any CPU
	EndGlobalSection
	GlobalSection(ProjectConfigurationPlatforms) = postSolution
		{FF701B97-CCDD-4E64-A462-D1F2303DD9B3}.Debug|Any CPU.ActiveCfg = Debug|Any CPU
		{FF701B97-CCDD-4E64-A462-D1F2303DD9B3}.Debug|Any CPU.Build.0 = Debug|Any CPU
		{FF701B97-CCDD-4E64-A462-D1F2303DD9B3}.Release|Any CPU.ActiveCfg = Release|Any CPU
		{FF701B97-CCDD-4E64-A462-D1F2303DD9B3}.Release|Any CPU.Build.0 = Release|Any CPU
		{E4E7B0BD-68EC-45E1-9915-DAA712F8DD6B}.Debug|Any CPU.ActiveCfg = Debug|Any CPU
		{E4E7B0BD-68EC-45E1-9915-DAA712F8DD6B}.Debug|Any CPU.Build.0 = Debug|Any CPU
		{E4E7B0BD-68EC-45E1-9915-DAA712F8DD6B}.Release|Any CPU.ActiveCfg = Release|Any CPU
		{E4E7B0BD-68EC-45E1-9915-DAA712F8DD6B}.Release|Any CPU.Build.0 = Release|Any CPU
		{F523ABB3-2FD5-45F1-9A4B-1A1065A31C2B}.Debug|Any CPU.ActiveCfg = Debug|Any CPU
		{F523ABB3-2FD5-45F1-9A4B-1A1065A31C2B}.Debug|Any CPU.Build.0 = Debug|Any CPU
		{F523ABB3-2FD5-45F1-9A4B-1A1065A31C2B}.Release|Any CPU.ActiveCfg = Release|Any CPU
		{F523ABB3-2FD5-45F1-9A4B-1A1065A31C2B}.Release|Any CPU.Build.0 = Release|Any CPU
		{8D866B46-349C-4B1C-B5A6-146DAECCA089}.Debug|Any CPU.ActiveCfg = Debug|Any CPU
		{8D866B46-349C-4B1C-B5A6-146DAECCA089}.Debug|Any CPU.Build.0 = Debug|Any CPU
		{8D866B46-349C-4B1C-B5A6-146DAECCA089}.Release|Any CPU.ActiveCfg = Release|Any CPU
		{8D866B46-349C-4B1C-B5A6-146DAECCA089}.Release|Any CPU.Build.0 = Release|Any CPU
		{6E79372A-F6EB-4D7B-A9B5-08F7CD905887}.Debug|Any CPU.ActiveCfg = Debug|Any CPU
		{6E79372A-F6EB-4D7B-A9B5-08F7CD905887}.Debug|Any CPU.Build.0 = Debug|Any CPU
		{6E79372A-F6EB-4D7B-A9B5-08F7CD905887}.Release|Any CPU.ActiveCfg = Release|Any CPU
		{6E79372A-F6EB-4D7B-A9B5-08F7CD905887}.Release|Any CPU.Build.0 = Release|Any CPU
		{F76F8DB8-B91D-41F6-ACFF-7DE346B51D2B}.Debug|Any CPU.ActiveCfg = Debug|Any CPU
		{F76F8DB8-B91D-41F6-ACFF-7DE346B51D2B}.Debug|Any CPU.Build.0 = Debug|Any CPU
		{F76F8DB8-B91D-41F6-ACFF-7DE346B51D2B}.Release|Any CPU.ActiveCfg = Release|Any CPU
		{F76F8DB8-B91D-41F6-ACFF-7DE346B51D2B}.Release|Any CPU.Build.0 = Release|Any CPU
		{448AC009-5A98-4897-B2A4-84018839C7F5}.Debug|Any CPU.ActiveCfg = Debug|Any CPU
		{448AC009-5A98-4897-B2A4-84018839C7F5}.Debug|Any CPU.Build.0 = Debug|Any CPU
		{448AC009-5A98-4897-B2A4-84018839C7F5}.Release|Any CPU.ActiveCfg = Release|Any CPU
		{448AC009-5A98-4897-B2A4-84018839C7F5}.Release|Any CPU.Build.0 = Release|Any CPU
		{45A993EC-9D00-4106-9CF2-AEF5536A0920}.Debug|Any CPU.ActiveCfg = Debug|Any CPU
		{45A993EC-9D00-4106-9CF2-AEF5536A0920}.Debug|Any CPU.Build.0 = Debug|Any CPU
		{45A993EC-9D00-4106-9CF2-AEF5536A0920}.Release|Any CPU.ActiveCfg = Release|Any CPU
		{45A993EC-9D00-4106-9CF2-AEF5536A0920}.Release|Any CPU.Build.0 = Release|Any CPU
		{75314586-24CB-4A30-8166-41544ADECEB8}.Debug|Any CPU.ActiveCfg = Debug|Any CPU
		{75314586-24CB-4A30-8166-41544ADECEB8}.Debug|Any CPU.Build.0 = Debug|Any CPU
		{75314586-24CB-4A30-8166-41544ADECEB8}.Release|Any CPU.ActiveCfg = Release|Any CPU
		{75314586-24CB-4A30-8166-41544ADECEB8}.Release|Any CPU.Build.0 = Release|Any CPU
	EndGlobalSection
	GlobalSection(NestedProjects) = preSolution
		{8D866B46-349C-4B1C-B5A6-146DAECCA089} = {88903F7E-79AF-45FD-A777-4E0A101AB65C}
	EndGlobalSection
EndGlobal
