
Microsoft Visual Studio Solution File, Format Version 12.00
Project("{FAE04EC0-301F-11D3-BF4B-00C04F79EFBC}") = "BlazorDatasheet.Wasm", "BlazorDatasheet.Wasm\BlazorDatasheet.Wasm.csproj", "{FF701B97-CCDD-4E64-A462-D1F2303DD9B3}"
EndProject
Project("{FAE04EC0-301F-11D3-BF4B-00C04F79EFBC}") = "BlazorDatasheet", "BlazorDatasheet\BlazorDatasheet.csproj", "{E4E7B0BD-68EC-45E1-9915-DAA712F8DD6B}"
EndProject
Project("{FAE04EC0-301F-11D3-BF4B-00C04F79EFBC}") = "BlazorDatasheet.Server", "BlazorDatasheet.Server\BlazorDatasheet.Server.csproj", "{F523ABB3-2FD5-45F1-9A4B-1A1065A31C2B}"
EndProject
Project("{2150E333-8FDC-42A3-9474-1A3956D46DE8}") = "Test", "Test", "{88903F7E-79AF-45FD-A777-4E0A101AB65C}"
EndProject
Project("{FAE04EC0-301F-11D3-BF4B-00C04F79EFBC}") = "BlazorDatasheet.Test", "..\test\BlazorDatasheet.Test\BlazorDatasheet.Test.csproj", "{8D866B46-349C-4B1C-B5A6-146DAECCA089}"
EndProject
Project("{FAE04EC0-301F-11D3-BF4B-00C04F79EFBC}") = "BlazorDatasheet.SharedPages", "BlazorDatasheet.SharedPages\BlazorDatasheet.SharedPages.csproj", "{6E79372A-F6EB-4D7B-A9B5-08F7CD905887}"
EndProject
Project("{FAE04EC0-301F-11D3-BF4B-00C04F79EFBC}") = "BlazorDatasheet.FormulaEngine", "BlazorDatasheet.FormulaEngine\BlazorDatasheet.FormulaEngine.csproj", "{136BE36B-66D9-4D31-BA9B-09445F50A9CB}"
EndProject
Project("{FAE04EC0-301F-11D3-BF4B-00C04F79EFBC}") = "BlazorDatasheet.FormulaEngine.Test", "..\test\BlazorDatasheet.FormulaEngine.Test\BlazorDatasheet.FormulaEngine.Test.csproj", "{806DBEE7-4DEA-450B-B232-82DBA2CF3FB1}"
EndProject
Global
	GlobalSection(SolutionConfigurationPlatforms) = preSolution
		Debug|Any CPU = Debug|Any CPU
		Release|Any CPU = Release|Any CPU
	EndGlobalSection
	GlobalSection(ProjectConfigurationPlatforms) = postSolution
		{FF701B97-CCDD-4E64-A462-D1F2303DD9B3}.Debug|Any CPU.ActiveCfg = Debug|Any CPU
		{FF701B97-CCDD-4E64-A462-D1F2303DD9B3}.Debug|Any CPU.Build.0 = Debug|Any CPU
		{FF701B97-CCDD-4E64-A462-D1F2303DD9B3}.Release|Any CPU.ActiveCfg = Release|Any CPU
		{FF701B97-CCDD-4E64-A462-D1F2303DD9B3}.Release|Any CPU.Build.0 = Release|Any CPU
		{E4E7B0BD-68EC-45E1-9915-DAA712F8DD6B}.Debug|Any CPU.ActiveCfg = Debug|Any CPU
		{E4E7B0BD-68EC-45E1-9915-DAA712F8DD6B}.Debug|Any CPU.Build.0 = Debug|Any CPU
		{E4E7B0BD-68EC-45E1-9915-DAA712F8DD6B}.Release|Any CPU.ActiveCfg = Release|Any CPU
		{E4E7B0BD-68EC-45E1-9915-DAA712F8DD6B}.Release|Any CPU.Build.0 = Release|Any CPU
		{F523ABB3-2FD5-45F1-9A4B-1A1065A31C2B}.Debug|Any CPU.ActiveCfg = Debug|Any CPU
		{F523ABB3-2FD5-45F1-9A4B-1A1065A31C2B}.Debug|Any CPU.Build.0 = Debug|Any CPU
		{F523ABB3-2FD5-45F1-9A4B-1A1065A31C2B}.Release|Any CPU.ActiveCfg = Release|Any CPU
		{F523ABB3-2FD5-45F1-9A4B-1A1065A31C2B}.Release|Any CPU.Build.0 = Release|Any CPU
		{8D866B46-349C-4B1C-B5A6-146DAECCA089}.Debug|Any CPU.ActiveCfg = Debug|Any CPU
		{8D866B46-349C-4B1C-B5A6-146DAECCA089}.Debug|Any CPU.Build.0 = Debug|Any CPU
		{8D866B46-349C-4B1C-B5A6-146DAECCA089}.Release|Any CPU.ActiveCfg = Release|Any CPU
		{8D866B46-349C-4B1C-B5A6-146DAECCA089}.Release|Any CPU.Build.0 = Release|Any CPU
		{6E79372A-F6EB-4D7B-A9B5-08F7CD905887}.Debug|Any CPU.ActiveCfg = Debug|Any CPU
		{6E79372A-F6EB-4D7B-A9B5-08F7CD905887}.Debug|Any CPU.Build.0 = Debug|Any CPU
		{6E79372A-F6EB-4D7B-A9B5-08F7CD905887}.Release|Any CPU.ActiveCfg = Release|Any CPU
		{6E79372A-F6EB-4D7B-A9B5-08F7CD905887}.Release|Any CPU.Build.0 = Release|Any CPU
		{136BE36B-66D9-4D31-BA9B-09445F50A9CB}.Debug|Any CPU.ActiveCfg = Debug|Any CPU
		{136BE36B-66D9-4D31-BA9B-09445F50A9CB}.Debug|Any CPU.Build.0 = Debug|Any CPU
		{136BE36B-66D9-4D31-BA9B-09445F50A9CB}.Release|Any CPU.ActiveCfg = Release|Any CPU
		{136BE36B-66D9-4D31-BA9B-09445F50A9CB}.Release|Any CPU.Build.0 = Release|Any CPU
		{806DBEE7-4DEA-450B-B232-82DBA2CF3FB1}.Debug|Any CPU.ActiveCfg = Debug|Any CPU
		{806DBEE7-4DEA-450B-B232-82DBA2CF3FB1}.Debug|Any CPU.Build.0 = Debug|Any CPU
		{806DBEE7-4DEA-450B-B232-82DBA2CF3FB1}.Release|Any CPU.ActiveCfg = Release|Any CPU
		{806DBEE7-4DEA-450B-B232-82DBA2CF3FB1}.Release|Any CPU.Build.0 = Release|Any CPU
	EndGlobalSection
	GlobalSection(NestedProjects) = preSolution
		{8D866B46-349C-4B1C-B5A6-146DAECCA089} = {88903F7E-79AF-45FD-A777-4E0A101AB65C}
		{806DBEE7-4DEA-450B-B232-82DBA2CF3FB1} = {88903F7E-79AF-45FD-A777-4E0A101AB65C}
	EndGlobalSection
EndGlobal
